
Microsoft Visual Studio Solution File, Format Version 12.00
# Visual Studio Version 16
VisualStudioVersion = 16.0.29613.14
MinimumVisualStudioVersion = 10.0.40219.1
Project("{FAE04EC0-301F-11D3-BF4B-00C04F79EFBC}") = "PV239_Lecture.Android", "PV239_Lecture\PV239_Lecture.Android\PV239_Lecture.Android.csproj", "{61042067-0727-4F96-B227-BBFA6A9505DC}"
EndProject
Project("{FAE04EC0-301F-11D3-BF4B-00C04F79EFBC}") = "PV239_Lecture.iOS", "PV239_Lecture\PV239_Lecture.iOS\PV239_Lecture.iOS.csproj", "{4722F61A-5AA5-4CDD-B2D3-BBCCB58BAA93}"
EndProject
Project("{FAE04EC0-301F-11D3-BF4B-00C04F79EFBC}") = "PV239_Lecture", "PV239_Lecture\PV239_Lecture\PV239_Lecture.csproj", "{0B464587-654E-4270-B30B-D4B1D70AC59E}"
EndProject
Global
	GlobalSection(SolutionConfigurationPlatforms) = preSolution
		Debug|Any CPU = Debug|Any CPU
		Debug|iPhone = Debug|iPhone
		Debug|iPhoneSimulator = Debug|iPhoneSimulator
		Release|Any CPU = Release|Any CPU
		Release|iPhone = Release|iPhone
		Release|iPhoneSimulator = Release|iPhoneSimulator
	EndGlobalSection
	GlobalSection(ProjectConfigurationPlatforms) = postSolution
		{61042067-0727-4F96-B227-BBFA6A9505DC}.Debug|Any CPU.ActiveCfg = Debug|Any CPU
		{61042067-0727-4F96-B227-BBFA6A9505DC}.Debug|Any CPU.Build.0 = Debug|Any CPU
		{61042067-0727-4F96-B227-BBFA6A9505DC}.Debug|Any CPU.Deploy.0 = Debug|Any CPU
		{61042067-0727-4F96-B227-BBFA6A9505DC}.Debug|iPhone.ActiveCfg = Debug|Any CPU
		{61042067-0727-4F96-B227-BBFA6A9505DC}.Debug|iPhone.Build.0 = Debug|Any CPU
		{61042067-0727-4F96-B227-BBFA6A9505DC}.Debug|iPhone.Deploy.0 = Debug|Any CPU
		{61042067-0727-4F96-B227-BBFA6A9505DC}.Debug|iPhoneSimulator.ActiveCfg = Debug|Any CPU
		{61042067-0727-4F96-B227-BBFA6A9505DC}.Debug|iPhoneSimulator.Build.0 = Debug|Any CPU
		{61042067-0727-4F96-B227-BBFA6A9505DC}.Debug|iPhoneSimulator.Deploy.0 = Debug|Any CPU
		{61042067-0727-4F96-B227-BBFA6A9505DC}.Release|Any CPU.ActiveCfg = Release|Any CPU
		{61042067-0727-4F96-B227-BBFA6A9505DC}.Release|Any CPU.Build.0 = Release|Any CPU
		{61042067-0727-4F96-B227-BBFA6A9505DC}.Release|Any CPU.Deploy.0 = Release|Any CPU
		{61042067-0727-4F96-B227-BBFA6A9505DC}.Release|iPhone.ActiveCfg = Release|Any CPU
		{61042067-0727-4F96-B227-BBFA6A9505DC}.Release|iPhone.Build.0 = Release|Any CPU
		{61042067-0727-4F96-B227-BBFA6A9505DC}.Release|iPhone.Deploy.0 = Release|Any CPU
		{61042067-0727-4F96-B227-BBFA6A9505DC}.Release|iPhoneSimulator.ActiveCfg = Release|Any CPU
		{61042067-0727-4F96-B227-BBFA6A9505DC}.Release|iPhoneSimulator.Build.0 = Release|Any CPU
		{61042067-0727-4F96-B227-BBFA6A9505DC}.Release|iPhoneSimulator.Deploy.0 = Release|Any CPU
		{4722F61A-5AA5-4CDD-B2D3-BBCCB58BAA93}.Debug|Any CPU.ActiveCfg = Debug|iPhoneSimulator
		{4722F61A-5AA5-4CDD-B2D3-BBCCB58BAA93}.Debug|Any CPU.Build.0 = Debug|iPhoneSimulator
		{4722F61A-5AA5-4CDD-B2D3-BBCCB58BAA93}.Debug|Any CPU.Deploy.0 = Debug|iPhoneSimulator
		{4722F61A-5AA5-4CDD-B2D3-BBCCB58BAA93}.Debug|iPhone.ActiveCfg = Debug|iPhone
		{4722F61A-5AA5-4CDD-B2D3-BBCCB58BAA93}.Debug|iPhone.Build.0 = Debug|iPhone
		{4722F61A-5AA5-4CDD-B2D3-BBCCB58BAA93}.Debug|iPhone.Deploy.0 = Debug|iPhone
		{4722F61A-5AA5-4CDD-B2D3-BBCCB58BAA93}.Debug|iPhoneSimulator.ActiveCfg = Debug|iPhoneSimulator
		{4722F61A-5AA5-4CDD-B2D3-BBCCB58BAA93}.Debug|iPhoneSimulator.Build.0 = Debug|iPhoneSimulator
		{4722F61A-5AA5-4CDD-B2D3-BBCCB58BAA93}.Debug|iPhoneSimulator.Deploy.0 = Debug|iPhoneSimulator
		{4722F61A-5AA5-4CDD-B2D3-BBCCB58BAA93}.Release|Any CPU.ActiveCfg = Release|iPhone
		{4722F61A-5AA5-4CDD-B2D3-BBCCB58BAA93}.Release|Any CPU.Build.0 = Release|iPhone
		{4722F61A-5AA5-4CDD-B2D3-BBCCB58BAA93}.Release|Any CPU.Deploy.0 = Release|iPhone
		{4722F61A-5AA5-4CDD-B2D3-BBCCB58BAA93}.Release|iPhone.ActiveCfg = Release|iPhone
		{4722F61A-5AA5-4CDD-B2D3-BBCCB58BAA93}.Release|iPhone.Build.0 = Release|iPhone
		{4722F61A-5AA5-4CDD-B2D3-BBCCB58BAA93}.Release|iPhone.Deploy.0 = Release|iPhone
		{4722F61A-5AA5-4CDD-B2D3-BBCCB58BAA93}.Release|iPhoneSimulator.ActiveCfg = Release|iPhoneSimulator
		{4722F61A-5AA5-4CDD-B2D3-BBCCB58BAA93}.Release|iPhoneSimulator.Build.0 = Release|iPhoneSimulator
		{4722F61A-5AA5-4CDD-B2D3-BBCCB58BAA93}.Release|iPhoneSimulator.Deploy.0 = Release|iPhoneSimulator
		{0B464587-654E-4270-B30B-D4B1D70AC59E}.Debug|Any CPU.ActiveCfg = Debug|Any CPU
		{0B464587-654E-4270-B30B-D4B1D70AC59E}.Debug|Any CPU.Build.0 = Debug|Any CPU
		{0B464587-654E-4270-B30B-D4B1D70AC59E}.Debug|Any CPU.Deploy.0 = Debug|Any CPU
		{0B464587-654E-4270-B30B-D4B1D70AC59E}.Debug|iPhone.ActiveCfg = Debug|Any CPU
		{0B464587-654E-4270-B30B-D4B1D70AC59E}.Debug|iPhone.Build.0 = Debug|Any CPU
		{0B464587-654E-4270-B30B-D4B1D70AC59E}.Debug|iPhone.Deploy.0 = Debug|Any CPU
		{0B464587-654E-4270-B30B-D4B1D70AC59E}.Debug|iPhoneSimulator.ActiveCfg = Debug|Any CPU
		{0B464587-654E-4270-B30B-D4B1D70AC59E}.Debug|iPhoneSimulator.Build.0 = Debug|Any CPU
		{0B464587-654E-4270-B30B-D4B1D70AC59E}.Debug|iPhoneSimulator.Deploy.0 = Debug|Any CPU
		{0B464587-654E-4270-B30B-D4B1D70AC59E}.Release|Any CPU.ActiveCfg = Release|Any CPU
		{0B464587-654E-4270-B30B-D4B1D70AC59E}.Release|Any CPU.Build.0 = Release|Any CPU
		{0B464587-654E-4270-B30B-D4B1D70AC59E}.Release|Any CPU.Deploy.0 = Release|Any CPU
		{0B464587-654E-4270-B30B-D4B1D70AC59E}.Release|iPhone.ActiveCfg = Release|Any CPU
		{0B464587-654E-4270-B30B-D4B1D70AC59E}.Release|iPhone.Build.0 = Release|Any CPU
		{0B464587-654E-4270-B30B-D4B1D70AC59E}.Release|iPhone.Deploy.0 = Release|Any CPU
		{0B464587-654E-4270-B30B-D4B1D70AC59E}.Release|iPhoneSimulator.ActiveCfg = Release|Any CPU
		{0B464587-654E-4270-B30B-D4B1D70AC59E}.Release|iPhoneSimulator.Build.0 = Release|Any CPU
		{0B464587-654E-4270-B30B-D4B1D70AC59E}.Release|iPhoneSimulator.Deploy.0 = Release|Any CPU
	EndGlobalSection
	GlobalSection(SolutionProperties) = preSolution
		HideSolutionNode = FALSE
	EndGlobalSection
	GlobalSection(ExtensibilityGlobals) = postSolution
		SolutionGuid = {1B173440-F638-4919-AC49-1499876CABB0}
	EndGlobalSection
EndGlobal
