
Microsoft Visual Studio Solution File, Format Version 12.00
# Visual Studio Version 16
VisualStudioVersion = 16.0.29613.14
MinimumVisualStudioVersion = 10.0.40219.1
Project("{FAE04EC0-301F-11D3-BF4B-00C04F79EFBC}") = "PV239_06_API.Android", "PV239_06_API\PV239_06_API.Android\PV239_06_API.Android.csproj", "{01E9DDE8-62BD-47CB-81D6-129FEC285430}"
EndProject
Project("{FAE04EC0-301F-11D3-BF4B-00C04F79EFBC}") = "PV239_06_API.iOS", "PV239_06_API\PV239_06_API.iOS\PV239_06_API.iOS.csproj", "{1713B951-3D2D-47FE-8AF1-EBF6F480D996}"
EndProject
Project("{FAE04EC0-301F-11D3-BF4B-00C04F79EFBC}") = "PV239_06_API.Api", "PV239_06_API\PV239_06_API.Api\PV239_06_API.Api.csproj", "{D3A34588-BD40-4DED-8D69-4F1738C5E533}"
EndProject
Project("{FAE04EC0-301F-11D3-BF4B-00C04F79EFBC}") = "PV239_06_API.Core", "PV239_06_API\PV239_06_API.Core\PV239_06_API.Core.csproj", "{12E01993-54AB-4613-AC26-907E1B4C0075}"
EndProject
Project("{FAE04EC0-301F-11D3-BF4B-00C04F79EFBC}") = "PV239_06_API.Forms", "PV239_06_API\PV239_06_API.Forms\PV239_06_API.Forms.csproj", "{763BFBAA-B977-4E30-917D-AC52B4D0AA67}"
EndProject
Global
	GlobalSection(SolutionConfigurationPlatforms) = preSolution
		Debug|Any CPU = Debug|Any CPU
		Debug|iPhone = Debug|iPhone
		Debug|iPhoneSimulator = Debug|iPhoneSimulator
		Release|Any CPU = Release|Any CPU
		Release|iPhone = Release|iPhone
		Release|iPhoneSimulator = Release|iPhoneSimulator
	EndGlobalSection
	GlobalSection(ProjectConfigurationPlatforms) = postSolution
		{01E9DDE8-62BD-47CB-81D6-129FEC285430}.Debug|Any CPU.ActiveCfg = Debug|Any CPU
		{01E9DDE8-62BD-47CB-81D6-129FEC285430}.Debug|Any CPU.Build.0 = Debug|Any CPU
		{01E9DDE8-62BD-47CB-81D6-129FEC285430}.Debug|Any CPU.Deploy.0 = Debug|Any CPU
		{01E9DDE8-62BD-47CB-81D6-129FEC285430}.Debug|iPhone.ActiveCfg = Debug|Any CPU
		{01E9DDE8-62BD-47CB-81D6-129FEC285430}.Debug|iPhone.Build.0 = Debug|Any CPU
		{01E9DDE8-62BD-47CB-81D6-129FEC285430}.Debug|iPhone.Deploy.0 = Debug|Any CPU
		{01E9DDE8-62BD-47CB-81D6-129FEC285430}.Debug|iPhoneSimulator.ActiveCfg = Debug|Any CPU
		{01E9DDE8-62BD-47CB-81D6-129FEC285430}.Debug|iPhoneSimulator.Build.0 = Debug|Any CPU
		{01E9DDE8-62BD-47CB-81D6-129FEC285430}.Debug|iPhoneSimulator.Deploy.0 = Debug|Any CPU
		{01E9DDE8-62BD-47CB-81D6-129FEC285430}.Release|Any CPU.ActiveCfg = Release|Any CPU
		{01E9DDE8-62BD-47CB-81D6-129FEC285430}.Release|Any CPU.Build.0 = Release|Any CPU
		{01E9DDE8-62BD-47CB-81D6-129FEC285430}.Release|Any CPU.Deploy.0 = Release|Any CPU
		{01E9DDE8-62BD-47CB-81D6-129FEC285430}.Release|iPhone.ActiveCfg = Release|Any CPU
		{01E9DDE8-62BD-47CB-81D6-129FEC285430}.Release|iPhone.Build.0 = Release|Any CPU
		{01E9DDE8-62BD-47CB-81D6-129FEC285430}.Release|iPhone.Deploy.0 = Release|Any CPU
		{01E9DDE8-62BD-47CB-81D6-129FEC285430}.Release|iPhoneSimulator.ActiveCfg = Release|Any CPU
		{01E9DDE8-62BD-47CB-81D6-129FEC285430}.Release|iPhoneSimulator.Build.0 = Release|Any CPU
		{01E9DDE8-62BD-47CB-81D6-129FEC285430}.Release|iPhoneSimulator.Deploy.0 = Release|Any CPU
		{1713B951-3D2D-47FE-8AF1-EBF6F480D996}.Debug|Any CPU.ActiveCfg = Debug|iPhoneSimulator
		{1713B951-3D2D-47FE-8AF1-EBF6F480D996}.Debug|Any CPU.Build.0 = Debug|iPhoneSimulator
		{1713B951-3D2D-47FE-8AF1-EBF6F480D996}.Debug|Any CPU.Deploy.0 = Debug|iPhoneSimulator
		{1713B951-3D2D-47FE-8AF1-EBF6F480D996}.Debug|iPhone.ActiveCfg = Debug|iPhone
		{1713B951-3D2D-47FE-8AF1-EBF6F480D996}.Debug|iPhone.Build.0 = Debug|iPhone
		{1713B951-3D2D-47FE-8AF1-EBF6F480D996}.Debug|iPhone.Deploy.0 = Debug|iPhone
		{1713B951-3D2D-47FE-8AF1-EBF6F480D996}.Debug|iPhoneSimulator.ActiveCfg = Debug|iPhoneSimulator
		{1713B951-3D2D-47FE-8AF1-EBF6F480D996}.Debug|iPhoneSimulator.Build.0 = Debug|iPhoneSimulator
		{1713B951-3D2D-47FE-8AF1-EBF6F480D996}.Debug|iPhoneSimulator.Deploy.0 = Debug|iPhoneSimulator
		{1713B951-3D2D-47FE-8AF1-EBF6F480D996}.Release|Any CPU.ActiveCfg = Release|iPhone
		{1713B951-3D2D-47FE-8AF1-EBF6F480D996}.Release|Any CPU.Build.0 = Release|iPhone
		{1713B951-3D2D-47FE-8AF1-EBF6F480D996}.Release|Any CPU.Deploy.0 = Release|iPhone
		{1713B951-3D2D-47FE-8AF1-EBF6F480D996}.Release|iPhone.ActiveCfg = Release|iPhone
		{1713B951-3D2D-47FE-8AF1-EBF6F480D996}.Release|iPhone.Build.0 = Release|iPhone
		{1713B951-3D2D-47FE-8AF1-EBF6F480D996}.Release|iPhone.Deploy.0 = Release|iPhone
		{1713B951-3D2D-47FE-8AF1-EBF6F480D996}.Release|iPhoneSimulator.ActiveCfg = Release|iPhoneSimulator
		{1713B951-3D2D-47FE-8AF1-EBF6F480D996}.Release|iPhoneSimulator.Build.0 = Release|iPhoneSimulator
		{1713B951-3D2D-47FE-8AF1-EBF6F480D996}.Release|iPhoneSimulator.Deploy.0 = Release|iPhoneSimulator
		{D3A34588-BD40-4DED-8D69-4F1738C5E533}.Debug|Any CPU.ActiveCfg = Debug|Any CPU
		{D3A34588-BD40-4DED-8D69-4F1738C5E533}.Debug|Any CPU.Build.0 = Debug|Any CPU
		{D3A34588-BD40-4DED-8D69-4F1738C5E533}.Debug|iPhone.ActiveCfg = Debug|Any CPU
		{D3A34588-BD40-4DED-8D69-4F1738C5E533}.Debug|iPhone.Build.0 = Debug|Any CPU
		{D3A34588-BD40-4DED-8D69-4F1738C5E533}.Debug|iPhoneSimulator.ActiveCfg = Debug|Any CPU
		{D3A34588-BD40-4DED-8D69-4F1738C5E533}.Debug|iPhoneSimulator.Build.0 = Debug|Any CPU
		{D3A34588-BD40-4DED-8D69-4F1738C5E533}.Release|Any CPU.ActiveCfg = Release|Any CPU
		{D3A34588-BD40-4DED-8D69-4F1738C5E533}.Release|Any CPU.Build.0 = Release|Any CPU
		{D3A34588-BD40-4DED-8D69-4F1738C5E533}.Release|iPhone.ActiveCfg = Release|Any CPU
		{D3A34588-BD40-4DED-8D69-4F1738C5E533}.Release|iPhone.Build.0 = Release|Any CPU
		{D3A34588-BD40-4DED-8D69-4F1738C5E533}.Release|iPhoneSimulator.ActiveCfg = Release|Any CPU
		{D3A34588-BD40-4DED-8D69-4F1738C5E533}.Release|iPhoneSimulator.Build.0 = Release|Any CPU
		{12E01993-54AB-4613-AC26-907E1B4C0075}.Debug|Any CPU.ActiveCfg = Debug|Any CPU
		{12E01993-54AB-4613-AC26-907E1B4C0075}.Debug|Any CPU.Build.0 = Debug|Any CPU
		{12E01993-54AB-4613-AC26-907E1B4C0075}.Debug|iPhone.ActiveCfg = Debug|Any CPU
		{12E01993-54AB-4613-AC26-907E1B4C0075}.Debug|iPhone.Build.0 = Debug|Any CPU
		{12E01993-54AB-4613-AC26-907E1B4C0075}.Debug|iPhoneSimulator.ActiveCfg = Debug|Any CPU
		{12E01993-54AB-4613-AC26-907E1B4C0075}.Debug|iPhoneSimulator.Build.0 = Debug|Any CPU
		{12E01993-54AB-4613-AC26-907E1B4C0075}.Release|Any CPU.ActiveCfg = Release|Any CPU
		{12E01993-54AB-4613-AC26-907E1B4C0075}.Release|Any CPU.Build.0 = Release|Any CPU
		{12E01993-54AB-4613-AC26-907E1B4C0075}.Release|iPhone.ActiveCfg = Release|Any CPU
		{12E01993-54AB-4613-AC26-907E1B4C0075}.Release|iPhone.Build.0 = Release|Any CPU
		{12E01993-54AB-4613-AC26-907E1B4C0075}.Release|iPhoneSimulator.ActiveCfg = Release|Any CPU
		{12E01993-54AB-4613-AC26-907E1B4C0075}.Release|iPhoneSimulator.Build.0 = Release|Any CPU
		{763BFBAA-B977-4E30-917D-AC52B4D0AA67}.Debug|Any CPU.ActiveCfg = Debug|Any CPU
		{763BFBAA-B977-4E30-917D-AC52B4D0AA67}.Debug|Any CPU.Build.0 = Debug|Any CPU
		{763BFBAA-B977-4E30-917D-AC52B4D0AA67}.Debug|iPhone.ActiveCfg = Debug|Any CPU
		{763BFBAA-B977-4E30-917D-AC52B4D0AA67}.Debug|iPhone.Build.0 = Debug|Any CPU
		{763BFBAA-B977-4E30-917D-AC52B4D0AA67}.Debug|iPhoneSimulator.ActiveCfg = Debug|Any CPU
		{763BFBAA-B977-4E30-917D-AC52B4D0AA67}.Debug|iPhoneSimulator.Build.0 = Debug|Any CPU
		{763BFBAA-B977-4E30-917D-AC52B4D0AA67}.Release|Any CPU.ActiveCfg = Release|Any CPU
		{763BFBAA-B977-4E30-917D-AC52B4D0AA67}.Release|Any CPU.Build.0 = Release|Any CPU
		{763BFBAA-B977-4E30-917D-AC52B4D0AA67}.Release|iPhone.ActiveCfg = Release|Any CPU
		{763BFBAA-B977-4E30-917D-AC52B4D0AA67}.Release|iPhone.Build.0 = Release|Any CPU
		{763BFBAA-B977-4E30-917D-AC52B4D0AA67}.Release|iPhoneSimulator.ActiveCfg = Release|Any CPU
		{763BFBAA-B977-4E30-917D-AC52B4D0AA67}.Release|iPhoneSimulator.Build.0 = Release|Any CPU
	EndGlobalSection
	GlobalSection(SolutionProperties) = preSolution
		HideSolutionNode = FALSE
	EndGlobalSection
	GlobalSection(ExtensibilityGlobals) = postSolution
		SolutionGuid = {2F7B8DAF-5E50-44A9-A054-5E584D135E65}
	EndGlobalSection
EndGlobal
