
Microsoft Visual Studio Solution File, Format Version 12.00
# Visual Studio Version 17
VisualStudioVersion = 17.13.35617.110 d17.13
MinimumVisualStudioVersion = 10.0.40219.1
Project("{FAE04EC0-301F-11D3-BF4B-00C04F79EFBC}") = "CookBook.Maui", "CookBook.Maui\CookBook.Maui.csproj", "{15171AC3-ED64-46E9-B3F4-D1AE8324BF79}"
EndProject
Global
	GlobalSection(SolutionConfigurationPlatforms) = preSolution
		Debug|Any CPU = Debug|Any CPU
		Release|Any CPU = Release|Any CPU
	EndGlobalSection
	GlobalSection(ProjectConfigurationPlatforms) = postSolution
		{15171AC3-ED64-46E9-B3F4-D1AE8324BF79}.Debug|Any CPU.ActiveCfg = Debug|Any CPU
		{15171AC3-ED64-46E9-B3F4-D1AE8324BF79}.Debug|Any CPU.Build.0 = Debug|Any CPU
		{15171AC3-ED64-46E9-B3F4-D1AE8324BF79}.Release|Any CPU.ActiveCfg = Release|Any CPU
		{15171AC3-ED64-46E9-B3F4-D1AE8324BF79}.Release|Any CPU.Build.0 = Release|Any CPU
	EndGlobalSection
	GlobalSection(SolutionProperties) = preSolution
		HideSolutionNode = FALSE
	EndGlobalSection
	GlobalSection(ExtensibilityGlobals) = postSolution
		SolutionGuid = {281011E1-999A-4466-85F6-22CFD441A9EA}
	EndGlobalSection
EndGlobal
