
Microsoft Visual Studio Solution File, Format Version 12.00
# Visual Studio Version 16
VisualStudioVersion = 16.0.29613.14
MinimumVisualStudioVersion = 10.0.40219.1
Project("{FAE04EC0-301F-11D3-BF4B-00C04F79EFBC}") = "PV239_05_Storage.Android", "PV239_05_Storage\PV239_05_Storage.Android\PV239_05_Storage.Android.csproj", "{EDACBBA0-5D40-4F64-B0A7-6D36F4EBCE3F}"
EndProject
Project("{FAE04EC0-301F-11D3-BF4B-00C04F79EFBC}") = "PV239_05_Storage.iOS", "PV239_05_Storage\PV239_05_Storage.iOS\PV239_05_Storage.iOS.csproj", "{4561F3E1-BF55-4CE0-AA52-B2483F14DB5B}"
EndProject
Project("{FAE04EC0-301F-11D3-BF4B-00C04F79EFBC}") = "PV239_05_Storage.Core", "PV239_05_Storage\PV239_05_Storage.Core\PV239_05_Storage.Core.csproj", "{EEA8F104-CBE4-47C0-B10B-DB24AB4D18B8}"
EndProject
Project("{FAE04EC0-301F-11D3-BF4B-00C04F79EFBC}") = "PV239_05_Storage.Forms", "PV239_05_Storage\PV239_05_Storage.Forms\PV239_05_Storage.Forms.csproj", "{EF31D05E-DC88-468B-931E-FD2E82697A7C}"
EndProject
Global
	GlobalSection(SolutionConfigurationPlatforms) = preSolution
		Debug|Any CPU = Debug|Any CPU
		Debug|iPhone = Debug|iPhone
		Debug|iPhoneSimulator = Debug|iPhoneSimulator
		Release|Any CPU = Release|Any CPU
		Release|iPhone = Release|iPhone
		Release|iPhoneSimulator = Release|iPhoneSimulator
	EndGlobalSection
	GlobalSection(ProjectConfigurationPlatforms) = postSolution
		{EDACBBA0-5D40-4F64-B0A7-6D36F4EBCE3F}.Debug|Any CPU.ActiveCfg = Debug|Any CPU
		{EDACBBA0-5D40-4F64-B0A7-6D36F4EBCE3F}.Debug|Any CPU.Build.0 = Debug|Any CPU
		{EDACBBA0-5D40-4F64-B0A7-6D36F4EBCE3F}.Debug|Any CPU.Deploy.0 = Debug|Any CPU
		{EDACBBA0-5D40-4F64-B0A7-6D36F4EBCE3F}.Debug|iPhone.ActiveCfg = Debug|Any CPU
		{EDACBBA0-5D40-4F64-B0A7-6D36F4EBCE3F}.Debug|iPhone.Build.0 = Debug|Any CPU
		{EDACBBA0-5D40-4F64-B0A7-6D36F4EBCE3F}.Debug|iPhone.Deploy.0 = Debug|Any CPU
		{EDACBBA0-5D40-4F64-B0A7-6D36F4EBCE3F}.Debug|iPhoneSimulator.ActiveCfg = Debug|Any CPU
		{EDACBBA0-5D40-4F64-B0A7-6D36F4EBCE3F}.Debug|iPhoneSimulator.Build.0 = Debug|Any CPU
		{EDACBBA0-5D40-4F64-B0A7-6D36F4EBCE3F}.Debug|iPhoneSimulator.Deploy.0 = Debug|Any CPU
		{EDACBBA0-5D40-4F64-B0A7-6D36F4EBCE3F}.Release|Any CPU.ActiveCfg = Release|Any CPU
		{EDACBBA0-5D40-4F64-B0A7-6D36F4EBCE3F}.Release|Any CPU.Build.0 = Release|Any CPU
		{EDACBBA0-5D40-4F64-B0A7-6D36F4EBCE3F}.Release|Any CPU.Deploy.0 = Release|Any CPU
		{EDACBBA0-5D40-4F64-B0A7-6D36F4EBCE3F}.Release|iPhone.ActiveCfg = Release|Any CPU
		{EDACBBA0-5D40-4F64-B0A7-6D36F4EBCE3F}.Release|iPhone.Build.0 = Release|Any CPU
		{EDACBBA0-5D40-4F64-B0A7-6D36F4EBCE3F}.Release|iPhone.Deploy.0 = Release|Any CPU
		{EDACBBA0-5D40-4F64-B0A7-6D36F4EBCE3F}.Release|iPhoneSimulator.ActiveCfg = Release|Any CPU
		{EDACBBA0-5D40-4F64-B0A7-6D36F4EBCE3F}.Release|iPhoneSimulator.Build.0 = Release|Any CPU
		{EDACBBA0-5D40-4F64-B0A7-6D36F4EBCE3F}.Release|iPhoneSimulator.Deploy.0 = Release|Any CPU
		{4561F3E1-BF55-4CE0-AA52-B2483F14DB5B}.Debug|Any CPU.ActiveCfg = Debug|iPhoneSimulator
		{4561F3E1-BF55-4CE0-AA52-B2483F14DB5B}.Debug|Any CPU.Build.0 = Debug|iPhoneSimulator
		{4561F3E1-BF55-4CE0-AA52-B2483F14DB5B}.Debug|Any CPU.Deploy.0 = Debug|iPhoneSimulator
		{4561F3E1-BF55-4CE0-AA52-B2483F14DB5B}.Debug|iPhone.ActiveCfg = Debug|iPhone
		{4561F3E1-BF55-4CE0-AA52-B2483F14DB5B}.Debug|iPhone.Build.0 = Debug|iPhone
		{4561F3E1-BF55-4CE0-AA52-B2483F14DB5B}.Debug|iPhone.Deploy.0 = Debug|iPhone
		{4561F3E1-BF55-4CE0-AA52-B2483F14DB5B}.Debug|iPhoneSimulator.ActiveCfg = Debug|iPhoneSimulator
		{4561F3E1-BF55-4CE0-AA52-B2483F14DB5B}.Debug|iPhoneSimulator.Build.0 = Debug|iPhoneSimulator
		{4561F3E1-BF55-4CE0-AA52-B2483F14DB5B}.Debug|iPhoneSimulator.Deploy.0 = Debug|iPhoneSimulator
		{4561F3E1-BF55-4CE0-AA52-B2483F14DB5B}.Release|Any CPU.ActiveCfg = Release|iPhone
		{4561F3E1-BF55-4CE0-AA52-B2483F14DB5B}.Release|Any CPU.Build.0 = Release|iPhone
		{4561F3E1-BF55-4CE0-AA52-B2483F14DB5B}.Release|Any CPU.Deploy.0 = Release|iPhone
		{4561F3E1-BF55-4CE0-AA52-B2483F14DB5B}.Release|iPhone.ActiveCfg = Release|iPhone
		{4561F3E1-BF55-4CE0-AA52-B2483F14DB5B}.Release|iPhone.Build.0 = Release|iPhone
		{4561F3E1-BF55-4CE0-AA52-B2483F14DB5B}.Release|iPhone.Deploy.0 = Release|iPhone
		{4561F3E1-BF55-4CE0-AA52-B2483F14DB5B}.Release|iPhoneSimulator.ActiveCfg = Release|iPhoneSimulator
		{4561F3E1-BF55-4CE0-AA52-B2483F14DB5B}.Release|iPhoneSimulator.Build.0 = Release|iPhoneSimulator
		{4561F3E1-BF55-4CE0-AA52-B2483F14DB5B}.Release|iPhoneSimulator.Deploy.0 = Release|iPhoneSimulator
		{EEA8F104-CBE4-47C0-B10B-DB24AB4D18B8}.Debug|Any CPU.ActiveCfg = Debug|Any CPU
		{EEA8F104-CBE4-47C0-B10B-DB24AB4D18B8}.Debug|Any CPU.Build.0 = Debug|Any CPU
		{EEA8F104-CBE4-47C0-B10B-DB24AB4D18B8}.Debug|iPhone.ActiveCfg = Debug|Any CPU
		{EEA8F104-CBE4-47C0-B10B-DB24AB4D18B8}.Debug|iPhone.Build.0 = Debug|Any CPU
		{EEA8F104-CBE4-47C0-B10B-DB24AB4D18B8}.Debug|iPhoneSimulator.ActiveCfg = Debug|Any CPU
		{EEA8F104-CBE4-47C0-B10B-DB24AB4D18B8}.Debug|iPhoneSimulator.Build.0 = Debug|Any CPU
		{EEA8F104-CBE4-47C0-B10B-DB24AB4D18B8}.Release|Any CPU.ActiveCfg = Release|Any CPU
		{EEA8F104-CBE4-47C0-B10B-DB24AB4D18B8}.Release|Any CPU.Build.0 = Release|Any CPU
		{EEA8F104-CBE4-47C0-B10B-DB24AB4D18B8}.Release|iPhone.ActiveCfg = Release|Any CPU
		{EEA8F104-CBE4-47C0-B10B-DB24AB4D18B8}.Release|iPhone.Build.0 = Release|Any CPU
		{EEA8F104-CBE4-47C0-B10B-DB24AB4D18B8}.Release|iPhoneSimulator.ActiveCfg = Release|Any CPU
		{EEA8F104-CBE4-47C0-B10B-DB24AB4D18B8}.Release|iPhoneSimulator.Build.0 = Release|Any CPU
		{EF31D05E-DC88-468B-931E-FD2E82697A7C}.Debug|Any CPU.ActiveCfg = Debug|Any CPU
		{EF31D05E-DC88-468B-931E-FD2E82697A7C}.Debug|Any CPU.Build.0 = Debug|Any CPU
		{EF31D05E-DC88-468B-931E-FD2E82697A7C}.Debug|iPhone.ActiveCfg = Debug|Any CPU
		{EF31D05E-DC88-468B-931E-FD2E82697A7C}.Debug|iPhone.Build.0 = Debug|Any CPU
		{EF31D05E-DC88-468B-931E-FD2E82697A7C}.Debug|iPhoneSimulator.ActiveCfg = Debug|Any CPU
		{EF31D05E-DC88-468B-931E-FD2E82697A7C}.Debug|iPhoneSimulator.Build.0 = Debug|Any CPU
		{EF31D05E-DC88-468B-931E-FD2E82697A7C}.Release|Any CPU.ActiveCfg = Release|Any CPU
		{EF31D05E-DC88-468B-931E-FD2E82697A7C}.Release|Any CPU.Build.0 = Release|Any CPU
		{EF31D05E-DC88-468B-931E-FD2E82697A7C}.Release|iPhone.ActiveCfg = Release|Any CPU
		{EF31D05E-DC88-468B-931E-FD2E82697A7C}.Release|iPhone.Build.0 = Release|Any CPU
		{EF31D05E-DC88-468B-931E-FD2E82697A7C}.Release|iPhoneSimulator.ActiveCfg = Release|Any CPU
		{EF31D05E-DC88-468B-931E-FD2E82697A7C}.Release|iPhoneSimulator.Build.0 = Release|Any CPU
	EndGlobalSection
	GlobalSection(SolutionProperties) = preSolution
		HideSolutionNode = FALSE
	EndGlobalSection
	GlobalSection(ExtensibilityGlobals) = postSolution
		SolutionGuid = {9C21C266-DF1C-426C-BF7D-266EE85AB962}
	EndGlobalSection
EndGlobal
