
Microsoft Visual Studio Solution File, Format Version 12.00
# Visual Studio Version 16
VisualStudioVersion = 16.0.28705.295
MinimumVisualStudioVersion = 10.0.40219.1
Project("{FAE04EC0-301F-11D3-BF4B-00C04F79EFBC}") = "PV239_03_MVVM.Android", "PV239_03_MVVM\PV239_03_MVVM.Android\PV239_03_MVVM.Android.csproj", "{6A3CB2B2-5F5A-4BFA-8289-D69525F71C50}"
EndProject
Project("{FAE04EC0-301F-11D3-BF4B-00C04F79EFBC}") = "PV239_03_MVVM.iOS", "PV239_03_MVVM\PV239_03_MVVM.iOS\PV239_03_MVVM.iOS.csproj", "{586CD093-7C03-4AEC-AA8A-83FAA87838DC}"
EndProject
Project("{FAE04EC0-301F-11D3-BF4B-00C04F79EFBC}") = "PV239_03_MVVM", "PV239_03_MVVM\PV239_03_MVVM\PV239_03_MVVM.csproj", "{813784A1-3DB6-4280-B52E-950C1E71EF5D}"
EndProject
Global
	GlobalSection(SolutionConfigurationPlatforms) = preSolution
		Debug|Any CPU = Debug|Any CPU
		Debug|iPhone = Debug|iPhone
		Debug|iPhoneSimulator = Debug|iPhoneSimulator
		Release|Any CPU = Release|Any CPU
		Release|iPhone = Release|iPhone
		Release|iPhoneSimulator = Release|iPhoneSimulator
	EndGlobalSection
	GlobalSection(ProjectConfigurationPlatforms) = postSolution
		{6A3CB2B2-5F5A-4BFA-8289-D69525F71C50}.Debug|Any CPU.ActiveCfg = Debug|Any CPU
		{6A3CB2B2-5F5A-4BFA-8289-D69525F71C50}.Debug|Any CPU.Build.0 = Debug|Any CPU
		{6A3CB2B2-5F5A-4BFA-8289-D69525F71C50}.Debug|Any CPU.Deploy.0 = Debug|Any CPU
		{6A3CB2B2-5F5A-4BFA-8289-D69525F71C50}.Debug|iPhone.ActiveCfg = Debug|Any CPU
		{6A3CB2B2-5F5A-4BFA-8289-D69525F71C50}.Debug|iPhone.Build.0 = Debug|Any CPU
		{6A3CB2B2-5F5A-4BFA-8289-D69525F71C50}.Debug|iPhone.Deploy.0 = Debug|Any CPU
		{6A3CB2B2-5F5A-4BFA-8289-D69525F71C50}.Debug|iPhoneSimulator.ActiveCfg = Debug|Any CPU
		{6A3CB2B2-5F5A-4BFA-8289-D69525F71C50}.Debug|iPhoneSimulator.Build.0 = Debug|Any CPU
		{6A3CB2B2-5F5A-4BFA-8289-D69525F71C50}.Debug|iPhoneSimulator.Deploy.0 = Debug|Any CPU
		{6A3CB2B2-5F5A-4BFA-8289-D69525F71C50}.Release|Any CPU.ActiveCfg = Release|Any CPU
		{6A3CB2B2-5F5A-4BFA-8289-D69525F71C50}.Release|Any CPU.Build.0 = Release|Any CPU
		{6A3CB2B2-5F5A-4BFA-8289-D69525F71C50}.Release|Any CPU.Deploy.0 = Release|Any CPU
		{6A3CB2B2-5F5A-4BFA-8289-D69525F71C50}.Release|iPhone.ActiveCfg = Release|Any CPU
		{6A3CB2B2-5F5A-4BFA-8289-D69525F71C50}.Release|iPhone.Build.0 = Release|Any CPU
		{6A3CB2B2-5F5A-4BFA-8289-D69525F71C50}.Release|iPhone.Deploy.0 = Release|Any CPU
		{6A3CB2B2-5F5A-4BFA-8289-D69525F71C50}.Release|iPhoneSimulator.ActiveCfg = Release|Any CPU
		{6A3CB2B2-5F5A-4BFA-8289-D69525F71C50}.Release|iPhoneSimulator.Build.0 = Release|Any CPU
		{6A3CB2B2-5F5A-4BFA-8289-D69525F71C50}.Release|iPhoneSimulator.Deploy.0 = Release|Any CPU
		{586CD093-7C03-4AEC-AA8A-83FAA87838DC}.Debug|Any CPU.ActiveCfg = Debug|iPhoneSimulator
		{586CD093-7C03-4AEC-AA8A-83FAA87838DC}.Debug|Any CPU.Build.0 = Debug|iPhoneSimulator
		{586CD093-7C03-4AEC-AA8A-83FAA87838DC}.Debug|Any CPU.Deploy.0 = Debug|iPhoneSimulator
		{586CD093-7C03-4AEC-AA8A-83FAA87838DC}.Debug|iPhone.ActiveCfg = Debug|iPhone
		{586CD093-7C03-4AEC-AA8A-83FAA87838DC}.Debug|iPhone.Build.0 = Debug|iPhone
		{586CD093-7C03-4AEC-AA8A-83FAA87838DC}.Debug|iPhone.Deploy.0 = Debug|iPhone
		{586CD093-7C03-4AEC-AA8A-83FAA87838DC}.Debug|iPhoneSimulator.ActiveCfg = Debug|iPhoneSimulator
		{586CD093-7C03-4AEC-AA8A-83FAA87838DC}.Debug|iPhoneSimulator.Build.0 = Debug|iPhoneSimulator
		{586CD093-7C03-4AEC-AA8A-83FAA87838DC}.Debug|iPhoneSimulator.Deploy.0 = Debug|iPhoneSimulator
		{586CD093-7C03-4AEC-AA8A-83FAA87838DC}.Release|Any CPU.ActiveCfg = Release|iPhone
		{586CD093-7C03-4AEC-AA8A-83FAA87838DC}.Release|Any CPU.Build.0 = Release|iPhone
		{586CD093-7C03-4AEC-AA8A-83FAA87838DC}.Release|Any CPU.Deploy.0 = Release|iPhone
		{586CD093-7C03-4AEC-AA8A-83FAA87838DC}.Release|iPhone.ActiveCfg = Release|iPhone
		{586CD093-7C03-4AEC-AA8A-83FAA87838DC}.Release|iPhone.Build.0 = Release|iPhone
		{586CD093-7C03-4AEC-AA8A-83FAA87838DC}.Release|iPhone.Deploy.0 = Release|iPhone
		{586CD093-7C03-4AEC-AA8A-83FAA87838DC}.Release|iPhoneSimulator.ActiveCfg = Release|iPhoneSimulator
		{586CD093-7C03-4AEC-AA8A-83FAA87838DC}.Release|iPhoneSimulator.Build.0 = Release|iPhoneSimulator
		{586CD093-7C03-4AEC-AA8A-83FAA87838DC}.Release|iPhoneSimulator.Deploy.0 = Release|iPhoneSimulator
		{813784A1-3DB6-4280-B52E-950C1E71EF5D}.Debug|Any CPU.ActiveCfg = Debug|Any CPU
		{813784A1-3DB6-4280-B52E-950C1E71EF5D}.Debug|Any CPU.Build.0 = Debug|Any CPU
		{813784A1-3DB6-4280-B52E-950C1E71EF5D}.Debug|Any CPU.Deploy.0 = Debug|Any CPU
		{813784A1-3DB6-4280-B52E-950C1E71EF5D}.Debug|iPhone.ActiveCfg = Debug|Any CPU
		{813784A1-3DB6-4280-B52E-950C1E71EF5D}.Debug|iPhone.Build.0 = Debug|Any CPU
		{813784A1-3DB6-4280-B52E-950C1E71EF5D}.Debug|iPhone.Deploy.0 = Debug|Any CPU
		{813784A1-3DB6-4280-B52E-950C1E71EF5D}.Debug|iPhoneSimulator.ActiveCfg = Debug|Any CPU
		{813784A1-3DB6-4280-B52E-950C1E71EF5D}.Debug|iPhoneSimulator.Build.0 = Debug|Any CPU
		{813784A1-3DB6-4280-B52E-950C1E71EF5D}.Debug|iPhoneSimulator.Deploy.0 = Debug|Any CPU
		{813784A1-3DB6-4280-B52E-950C1E71EF5D}.Release|Any CPU.ActiveCfg = Release|Any CPU
		{813784A1-3DB6-4280-B52E-950C1E71EF5D}.Release|Any CPU.Build.0 = Release|Any CPU
		{813784A1-3DB6-4280-B52E-950C1E71EF5D}.Release|Any CPU.Deploy.0 = Release|Any CPU
		{813784A1-3DB6-4280-B52E-950C1E71EF5D}.Release|iPhone.ActiveCfg = Release|Any CPU
		{813784A1-3DB6-4280-B52E-950C1E71EF5D}.Release|iPhone.Build.0 = Release|Any CPU
		{813784A1-3DB6-4280-B52E-950C1E71EF5D}.Release|iPhone.Deploy.0 = Release|Any CPU
		{813784A1-3DB6-4280-B52E-950C1E71EF5D}.Release|iPhoneSimulator.ActiveCfg = Release|Any CPU
		{813784A1-3DB6-4280-B52E-950C1E71EF5D}.Release|iPhoneSimulator.Build.0 = Release|Any CPU
		{813784A1-3DB6-4280-B52E-950C1E71EF5D}.Release|iPhoneSimulator.Deploy.0 = Release|Any CPU
	EndGlobalSection
	GlobalSection(SolutionProperties) = preSolution
		HideSolutionNode = FALSE
	EndGlobalSection
	GlobalSection(ExtensibilityGlobals) = postSolution
		SolutionGuid = {D2C8C656-C995-4B3E-AF99-942304E8EDAF}
	EndGlobalSection
EndGlobal
