
Microsoft Visual Studio Solution File, Format Version 12.00
# Visual Studio Version 16
VisualStudioVersion = 16.0.29521.150
MinimumVisualStudioVersion = 10.0.40219.1
Project("{FAE04EC0-301F-11D3-BF4B-00C04F79EFBC}") = "PV239_02_Design.Android", "PV239_02_Design\PV239_02_Design.Android\PV239_02_Design.Android.csproj", "{E9CA1716-95FE-48EC-B053-B5297A55ACE8}"
EndProject
Project("{FAE04EC0-301F-11D3-BF4B-00C04F79EFBC}") = "PV239_02_Design.iOS", "PV239_02_Design\PV239_02_Design.iOS\PV239_02_Design.iOS.csproj", "{EFACF5B0-AFB4-4110-9106-D26299A3A80D}"
EndProject
Project("{FAE04EC0-301F-11D3-BF4B-00C04F79EFBC}") = "PV239_02_Design", "PV239_02_Design\PV239_02_Design\PV239_02_Design.csproj", "{A8CBCE04-E9A4-49E3-8641-FB25B1E0C125}"
EndProject
Global
	GlobalSection(SolutionConfigurationPlatforms) = preSolution
		Debug|Any CPU = Debug|Any CPU
		Debug|iPhone = Debug|iPhone
		Debug|iPhoneSimulator = Debug|iPhoneSimulator
		Release|Any CPU = Release|Any CPU
		Release|iPhone = Release|iPhone
		Release|iPhoneSimulator = Release|iPhoneSimulator
	EndGlobalSection
	GlobalSection(ProjectConfigurationPlatforms) = postSolution
		{E9CA1716-95FE-48EC-B053-B5297A55ACE8}.Debug|Any CPU.ActiveCfg = Debug|Any CPU
		{E9CA1716-95FE-48EC-B053-B5297A55ACE8}.Debug|Any CPU.Build.0 = Debug|Any CPU
		{E9CA1716-95FE-48EC-B053-B5297A55ACE8}.Debug|Any CPU.Deploy.0 = Debug|Any CPU
		{E9CA1716-95FE-48EC-B053-B5297A55ACE8}.Debug|iPhone.ActiveCfg = Debug|Any CPU
		{E9CA1716-95FE-48EC-B053-B5297A55ACE8}.Debug|iPhone.Build.0 = Debug|Any CPU
		{E9CA1716-95FE-48EC-B053-B5297A55ACE8}.Debug|iPhone.Deploy.0 = Debug|Any CPU
		{E9CA1716-95FE-48EC-B053-B5297A55ACE8}.Debug|iPhoneSimulator.ActiveCfg = Debug|Any CPU
		{E9CA1716-95FE-48EC-B053-B5297A55ACE8}.Debug|iPhoneSimulator.Build.0 = Debug|Any CPU
		{E9CA1716-95FE-48EC-B053-B5297A55ACE8}.Debug|iPhoneSimulator.Deploy.0 = Debug|Any CPU
		{E9CA1716-95FE-48EC-B053-B5297A55ACE8}.Release|Any CPU.ActiveCfg = Release|Any CPU
		{E9CA1716-95FE-48EC-B053-B5297A55ACE8}.Release|Any CPU.Build.0 = Release|Any CPU
		{E9CA1716-95FE-48EC-B053-B5297A55ACE8}.Release|Any CPU.Deploy.0 = Release|Any CPU
		{E9CA1716-95FE-48EC-B053-B5297A55ACE8}.Release|iPhone.ActiveCfg = Release|Any CPU
		{E9CA1716-95FE-48EC-B053-B5297A55ACE8}.Release|iPhone.Build.0 = Release|Any CPU
		{E9CA1716-95FE-48EC-B053-B5297A55ACE8}.Release|iPhone.Deploy.0 = Release|Any CPU
		{E9CA1716-95FE-48EC-B053-B5297A55ACE8}.Release|iPhoneSimulator.ActiveCfg = Release|Any CPU
		{E9CA1716-95FE-48EC-B053-B5297A55ACE8}.Release|iPhoneSimulator.Build.0 = Release|Any CPU
		{E9CA1716-95FE-48EC-B053-B5297A55ACE8}.Release|iPhoneSimulator.Deploy.0 = Release|Any CPU
		{EFACF5B0-AFB4-4110-9106-D26299A3A80D}.Debug|Any CPU.ActiveCfg = Debug|iPhoneSimulator
		{EFACF5B0-AFB4-4110-9106-D26299A3A80D}.Debug|Any CPU.Build.0 = Debug|iPhoneSimulator
		{EFACF5B0-AFB4-4110-9106-D26299A3A80D}.Debug|Any CPU.Deploy.0 = Debug|iPhoneSimulator
		{EFACF5B0-AFB4-4110-9106-D26299A3A80D}.Debug|iPhone.ActiveCfg = Debug|iPhone
		{EFACF5B0-AFB4-4110-9106-D26299A3A80D}.Debug|iPhone.Build.0 = Debug|iPhone
		{EFACF5B0-AFB4-4110-9106-D26299A3A80D}.Debug|iPhone.Deploy.0 = Debug|iPhone
		{EFACF5B0-AFB4-4110-9106-D26299A3A80D}.Debug|iPhoneSimulator.ActiveCfg = Debug|iPhoneSimulator
		{EFACF5B0-AFB4-4110-9106-D26299A3A80D}.Debug|iPhoneSimulator.Build.0 = Debug|iPhoneSimulator
		{EFACF5B0-AFB4-4110-9106-D26299A3A80D}.Debug|iPhoneSimulator.Deploy.0 = Debug|iPhoneSimulator
		{EFACF5B0-AFB4-4110-9106-D26299A3A80D}.Release|Any CPU.ActiveCfg = Release|iPhone
		{EFACF5B0-AFB4-4110-9106-D26299A3A80D}.Release|Any CPU.Build.0 = Release|iPhone
		{EFACF5B0-AFB4-4110-9106-D26299A3A80D}.Release|Any CPU.Deploy.0 = Release|iPhone
		{EFACF5B0-AFB4-4110-9106-D26299A3A80D}.Release|iPhone.ActiveCfg = Release|iPhone
		{EFACF5B0-AFB4-4110-9106-D26299A3A80D}.Release|iPhone.Build.0 = Release|iPhone
		{EFACF5B0-AFB4-4110-9106-D26299A3A80D}.Release|iPhone.Deploy.0 = Release|iPhone
		{EFACF5B0-AFB4-4110-9106-D26299A3A80D}.Release|iPhoneSimulator.ActiveCfg = Release|iPhoneSimulator
		{EFACF5B0-AFB4-4110-9106-D26299A3A80D}.Release|iPhoneSimulator.Build.0 = Release|iPhoneSimulator
		{EFACF5B0-AFB4-4110-9106-D26299A3A80D}.Release|iPhoneSimulator.Deploy.0 = Release|iPhoneSimulator
		{A8CBCE04-E9A4-49E3-8641-FB25B1E0C125}.Debug|Any CPU.ActiveCfg = Debug|Any CPU
		{A8CBCE04-E9A4-49E3-8641-FB25B1E0C125}.Debug|Any CPU.Build.0 = Debug|Any CPU
		{A8CBCE04-E9A4-49E3-8641-FB25B1E0C125}.Debug|Any CPU.Deploy.0 = Debug|Any CPU
		{A8CBCE04-E9A4-49E3-8641-FB25B1E0C125}.Debug|iPhone.ActiveCfg = Debug|Any CPU
		{A8CBCE04-E9A4-49E3-8641-FB25B1E0C125}.Debug|iPhone.Build.0 = Debug|Any CPU
		{A8CBCE04-E9A4-49E3-8641-FB25B1E0C125}.Debug|iPhone.Deploy.0 = Debug|Any CPU
		{A8CBCE04-E9A4-49E3-8641-FB25B1E0C125}.Debug|iPhoneSimulator.ActiveCfg = Debug|Any CPU
		{A8CBCE04-E9A4-49E3-8641-FB25B1E0C125}.Debug|iPhoneSimulator.Build.0 = Debug|Any CPU
		{A8CBCE04-E9A4-49E3-8641-FB25B1E0C125}.Debug|iPhoneSimulator.Deploy.0 = Debug|Any CPU
		{A8CBCE04-E9A4-49E3-8641-FB25B1E0C125}.Release|Any CPU.ActiveCfg = Release|Any CPU
		{A8CBCE04-E9A4-49E3-8641-FB25B1E0C125}.Release|Any CPU.Build.0 = Release|Any CPU
		{A8CBCE04-E9A4-49E3-8641-FB25B1E0C125}.Release|Any CPU.Deploy.0 = Release|Any CPU
		{A8CBCE04-E9A4-49E3-8641-FB25B1E0C125}.Release|iPhone.ActiveCfg = Release|Any CPU
		{A8CBCE04-E9A4-49E3-8641-FB25B1E0C125}.Release|iPhone.Build.0 = Release|Any CPU
		{A8CBCE04-E9A4-49E3-8641-FB25B1E0C125}.Release|iPhone.Deploy.0 = Release|Any CPU
		{A8CBCE04-E9A4-49E3-8641-FB25B1E0C125}.Release|iPhoneSimulator.ActiveCfg = Release|Any CPU
		{A8CBCE04-E9A4-49E3-8641-FB25B1E0C125}.Release|iPhoneSimulator.Build.0 = Release|Any CPU
		{A8CBCE04-E9A4-49E3-8641-FB25B1E0C125}.Release|iPhoneSimulator.Deploy.0 = Release|Any CPU
	EndGlobalSection
	GlobalSection(SolutionProperties) = preSolution
		HideSolutionNode = FALSE
	EndGlobalSection
	GlobalSection(ExtensibilityGlobals) = postSolution
		SolutionGuid = {54039259-6B6D-46CF-B767-52D186BAB811}
	EndGlobalSection
EndGlobal
